// !$*UTF8*$!
{
	archiveVersion = 1;
	classes = {
	};
	objectVersion = 55;
	objects = {

/* Begin PBXBuildFile section */
		348C8E592835B47700D15D26 /* Location.swift in Sources */ = {isa = PBXBuildFile; fileRef = 348C8E582835B47700D15D26 /* Location.swift */; };
		348C8E5B2835B97700D15D26 /* LocationCollectionViewCell.swift in Sources */ = {isa = PBXBuildFile; fileRef = 348C8E5A2835B97700D15D26 /* LocationCollectionViewCell.swift */; };
		474F09F0283723B1003A3C66 /* LocationViewController.swift in Sources */ = {isa = PBXBuildFile; fileRef = 474F09EF283723B1003A3C66 /* LocationViewController.swift */; };
		847FFACF28345A13007534E2 /* AppDelegate.swift in Sources */ = {isa = PBXBuildFile; fileRef = 847FFACE28345A13007534E2 /* AppDelegate.swift */; };
		847FFAD128345A13007534E2 /* SceneDelegate.swift in Sources */ = {isa = PBXBuildFile; fileRef = 847FFAD028345A13007534E2 /* SceneDelegate.swift */; };
		847FFAD328345A13007534E2 /* ViewController.swift in Sources */ = {isa = PBXBuildFile; fileRef = 847FFAD228345A13007534E2 /* ViewController.swift */; };
		847FFAD628345A13007534E2 /* Main.storyboard in Resources */ = {isa = PBXBuildFile; fileRef = 847FFAD428345A13007534E2 /* Main.storyboard */; };
		847FFAD928345A13007534E2 /* FP_INS_IOS.xcdatamodeld in Sources */ = {isa = PBXBuildFile; fileRef = 847FFAD728345A13007534E2 /* FP_INS_IOS.xcdatamodeld */; };
		847FFADB28345A16007534E2 /* Assets.xcassets in Resources */ = {isa = PBXBuildFile; fileRef = 847FFADA28345A16007534E2 /* Assets.xcassets */; };
		847FFADE28345A16007534E2 /* LaunchScreen.storyboard in Resources */ = {isa = PBXBuildFile; fileRef = 847FFADC28345A16007534E2 /* LaunchScreen.storyboard */; };
		847FFAE928345A17007534E2 /* FP_INS_IOSTests.swift in Sources */ = {isa = PBXBuildFile; fileRef = 847FFAE828345A17007534E2 /* FP_INS_IOSTests.swift */; };
		847FFAF328345A17007534E2 /* FP_INS_IOSUITests.swift in Sources */ = {isa = PBXBuildFile; fileRef = 847FFAF228345A17007534E2 /* FP_INS_IOSUITests.swift */; };
		847FFAF528345A17007534E2 /* FP_INS_IOSUITestsLaunchTests.swift in Sources */ = {isa = PBXBuildFile; fileRef = 847FFAF428345A17007534E2 /* FP_INS_IOSUITestsLaunchTests.swift */; };
/* End PBXBuildFile section */

/* Begin PBXContainerItemProxy section */
		847FFAE528345A17007534E2 /* PBXContainerItemProxy */ = {
			isa = PBXContainerItemProxy;
			containerPortal = 847FFAC328345A12007534E2 /* Project object */;
			proxyType = 1;
			remoteGlobalIDString = 847FFACA28345A13007534E2;
			remoteInfo = FP_INS_IOS;
		};
		847FFAEF28345A17007534E2 /* PBXContainerItemProxy */ = {
			isa = PBXContainerItemProxy;
			containerPortal = 847FFAC328345A12007534E2 /* Project object */;
			proxyType = 1;
			remoteGlobalIDString = 847FFACA28345A13007534E2;
			remoteInfo = FP_INS_IOS;
		};
/* End PBXContainerItemProxy section */

/* Begin PBXFileReference section */
		348C8E582835B47700D15D26 /* Location.swift */ = {isa = PBXFileReference; lastKnownFileType = sourcecode.swift; path = Location.swift; sourceTree = "<group>"; };
		348C8E5A2835B97700D15D26 /* LocationCollectionViewCell.swift */ = {isa = PBXFileReference; lastKnownFileType = sourcecode.swift; path = LocationCollectionViewCell.swift; sourceTree = "<group>"; };
		474F09EF283723B1003A3C66 /* LocationViewController.swift */ = {isa = PBXFileReference; lastKnownFileType = sourcecode.swift; path = LocationViewController.swift; sourceTree = "<group>"; };
		847FFACB28345A13007534E2 /* FP_INS_IOS.app */ = {isa = PBXFileReference; explicitFileType = wrapper.application; includeInIndex = 0; path = FP_INS_IOS.app; sourceTree = BUILT_PRODUCTS_DIR; };
		847FFACE28345A13007534E2 /* AppDelegate.swift */ = {isa = PBXFileReference; lastKnownFileType = sourcecode.swift; path = AppDelegate.swift; sourceTree = "<group>"; };
		847FFAD028345A13007534E2 /* SceneDelegate.swift */ = {isa = PBXFileReference; lastKnownFileType = sourcecode.swift; path = SceneDelegate.swift; sourceTree = "<group>"; };
		847FFAD228345A13007534E2 /* ViewController.swift */ = {isa = PBXFileReference; lastKnownFileType = sourcecode.swift; path = ViewController.swift; sourceTree = "<group>"; };
		847FFAD528345A13007534E2 /* Base */ = {isa = PBXFileReference; lastKnownFileType = file.storyboard; name = Base; path = Base.lproj/Main.storyboard; sourceTree = "<group>"; };
		847FFAD828345A13007534E2 /* FP_INS_IOS.xcdatamodel */ = {isa = PBXFileReference; lastKnownFileType = wrapper.xcdatamodel; path = FP_INS_IOS.xcdatamodel; sourceTree = "<group>"; };
		847FFADA28345A16007534E2 /* Assets.xcassets */ = {isa = PBXFileReference; lastKnownFileType = folder.assetcatalog; path = Assets.xcassets; sourceTree = "<group>"; };
		847FFADD28345A16007534E2 /* Base */ = {isa = PBXFileReference; lastKnownFileType = file.storyboard; name = Base; path = Base.lproj/LaunchScreen.storyboard; sourceTree = "<group>"; };
		847FFADF28345A16007534E2 /* Info.plist */ = {isa = PBXFileReference; lastKnownFileType = text.plist.xml; path = Info.plist; sourceTree = "<group>"; };
		847FFAE428345A17007534E2 /* FP_INS_IOSTests.xctest */ = {isa = PBXFileReference; explicitFileType = wrapper.cfbundle; includeInIndex = 0; path = FP_INS_IOSTests.xctest; sourceTree = BUILT_PRODUCTS_DIR; };
		847FFAE828345A17007534E2 /* FP_INS_IOSTests.swift */ = {isa = PBXFileReference; lastKnownFileType = sourcecode.swift; path = FP_INS_IOSTests.swift; sourceTree = "<group>"; };
		847FFAEE28345A17007534E2 /* FP_INS_IOSUITests.xctest */ = {isa = PBXFileReference; explicitFileType = wrapper.cfbundle; includeInIndex = 0; path = FP_INS_IOSUITests.xctest; sourceTree = BUILT_PRODUCTS_DIR; };
		847FFAF228345A17007534E2 /* FP_INS_IOSUITests.swift */ = {isa = PBXFileReference; lastKnownFileType = sourcecode.swift; path = FP_INS_IOSUITests.swift; sourceTree = "<group>"; };
		847FFAF428345A17007534E2 /* FP_INS_IOSUITestsLaunchTests.swift */ = {isa = PBXFileReference; lastKnownFileType = sourcecode.swift; path = FP_INS_IOSUITestsLaunchTests.swift; sourceTree = "<group>"; };
/* End PBXFileReference section */

/* Begin PBXFrameworksBuildPhase section */
		847FFAC828345A13007534E2 /* Frameworks */ = {
			isa = PBXFrameworksBuildPhase;
			buildActionMask = 2147483647;
			files = (
			);
			runOnlyForDeploymentPostprocessing = 0;
		};
		847FFAE128345A17007534E2 /* Frameworks */ = {
			isa = PBXFrameworksBuildPhase;
			buildActionMask = 2147483647;
			files = (
			);
			runOnlyForDeploymentPostprocessing = 0;
		};
		847FFAEB28345A17007534E2 /* Frameworks */ = {
			isa = PBXFrameworksBuildPhase;
			buildActionMask = 2147483647;
			files = (
			);
			runOnlyForDeploymentPostprocessing = 0;
		};
/* End PBXFrameworksBuildPhase section */

/* Begin PBXGroup section */
		847FFAC228345A12007534E2 = {
			isa = PBXGroup;
			children = (
				847FFACD28345A13007534E2 /* FP_INS_IOS */,
				847FFAE728345A17007534E2 /* FP_INS_IOSTests */,
				847FFAF128345A17007534E2 /* FP_INS_IOSUITests */,
				847FFACC28345A13007534E2 /* Products */,
			);
			sourceTree = "<group>";
		};
		847FFACC28345A13007534E2 /* Products */ = {
			isa = PBXGroup;
			children = (
				847FFACB28345A13007534E2 /* FP_INS_IOS.app */,
				847FFAE428345A17007534E2 /* FP_INS_IOSTests.xctest */,
				847FFAEE28345A17007534E2 /* FP_INS_IOSUITests.xctest */,
			);
			name = Products;
			sourceTree = "<group>";
		};
		847FFACD28345A13007534E2 /* FP_INS_IOS */ = {
			isa = PBXGroup;
			children = (
				847FFACE28345A13007534E2 /* AppDelegate.swift */,
				847FFAD028345A13007534E2 /* SceneDelegate.swift */,
				847FFAD228345A13007534E2 /* ViewController.swift */,
				847FFAD428345A13007534E2 /* Main.storyboard */,
				847FFADA28345A16007534E2 /* Assets.xcassets */,
				847FFADC28345A16007534E2 /* LaunchScreen.storyboard */,
				847FFADF28345A16007534E2 /* Info.plist */,
				847FFAD728345A13007534E2 /* FP_INS_IOS.xcdatamodeld */,
				348C8E582835B47700D15D26 /* Location.swift */,
				348C8E5A2835B97700D15D26 /* LocationCollectionViewCell.swift */,
				474F09EF283723B1003A3C66 /* LocationViewController.swift */,
			);
			path = FP_INS_IOS;
			sourceTree = "<group>";
		};
		847FFAE728345A17007534E2 /* FP_INS_IOSTests */ = {
			isa = PBXGroup;
			children = (
				847FFAE828345A17007534E2 /* FP_INS_IOSTests.swift */,
			);
			path = FP_INS_IOSTests;
			sourceTree = "<group>";
		};
		847FFAF128345A17007534E2 /* FP_INS_IOSUITests */ = {
			isa = PBXGroup;
			children = (
				847FFAF228345A17007534E2 /* FP_INS_IOSUITests.swift */,
				847FFAF428345A17007534E2 /* FP_INS_IOSUITestsLaunchTests.swift */,
			);
			path = FP_INS_IOSUITests;
			sourceTree = "<group>";
		};
/* End PBXGroup section */

/* Begin PBXNativeTarget section */
		847FFACA28345A13007534E2 /* FP_INS_IOS */ = {
			isa = PBXNativeTarget;
			buildConfigurationList = 847FFAF828345A17007534E2 /* Build configuration list for PBXNativeTarget "FP_INS_IOS" */;
			buildPhases = (
				847FFAC728345A13007534E2 /* Sources */,
				847FFAC828345A13007534E2 /* Frameworks */,
				847FFAC928345A13007534E2 /* Resources */,
			);
			buildRules = (
			);
			dependencies = (
			);
			name = FP_INS_IOS;
			productName = FP_INS_IOS;
			productReference = 847FFACB28345A13007534E2 /* FP_INS_IOS.app */;
			productType = "com.apple.product-type.application";
		};
		847FFAE328345A17007534E2 /* FP_INS_IOSTests */ = {
			isa = PBXNativeTarget;
			buildConfigurationList = 847FFAFB28345A17007534E2 /* Build configuration list for PBXNativeTarget "FP_INS_IOSTests" */;
			buildPhases = (
				847FFAE028345A17007534E2 /* Sources */,
				847FFAE128345A17007534E2 /* Frameworks */,
				847FFAE228345A17007534E2 /* Resources */,
			);
			buildRules = (
			);
			dependencies = (
				847FFAE628345A17007534E2 /* PBXTargetDependency */,
			);
			name = FP_INS_IOSTests;
			productName = FP_INS_IOSTests;
			productReference = 847FFAE428345A17007534E2 /* FP_INS_IOSTests.xctest */;
			productType = "com.apple.product-type.bundle.unit-test";
		};
		847FFAED28345A17007534E2 /* FP_INS_IOSUITests */ = {
			isa = PBXNativeTarget;
			buildConfigurationList = 847FFAFE28345A17007534E2 /* Build configuration list for PBXNativeTarget "FP_INS_IOSUITests" */;
			buildPhases = (
				847FFAEA28345A17007534E2 /* Sources */,
				847FFAEB28345A17007534E2 /* Frameworks */,
				847FFAEC28345A17007534E2 /* Resources */,
			);
			buildRules = (
			);
			dependencies = (
				847FFAF028345A17007534E2 /* PBXTargetDependency */,
			);
			name = FP_INS_IOSUITests;
			productName = FP_INS_IOSUITests;
			productReference = 847FFAEE28345A17007534E2 /* FP_INS_IOSUITests.xctest */;
			productType = "com.apple.product-type.bundle.ui-testing";
		};
/* End PBXNativeTarget section */

/* Begin PBXProject section */
		847FFAC328345A12007534E2 /* Project object */ = {
			isa = PBXProject;
			attributes = {
				BuildIndependentTargetsInParallel = 1;
				LastSwiftUpdateCheck = 1320;
				LastUpgradeCheck = 1320;
				TargetAttributes = {
					847FFACA28345A13007534E2 = {
						CreatedOnToolsVersion = 13.2.1;
					};
					847FFAE328345A17007534E2 = {
						CreatedOnToolsVersion = 13.2.1;
						TestTargetID = 847FFACA28345A13007534E2;
					};
					847FFAED28345A17007534E2 = {
						CreatedOnToolsVersion = 13.2.1;
						TestTargetID = 847FFACA28345A13007534E2;
					};
				};
			};
			buildConfigurationList = 847FFAC628345A12007534E2 /* Build configuration list for PBXProject "FP_INS_IOS" */;
			compatibilityVersion = "Xcode 13.0";
			developmentRegion = en;
			hasScannedForEncodings = 0;
			knownRegions = (
				en,
				Base,
			);
			mainGroup = 847FFAC228345A12007534E2;
			productRefGroup = 847FFACC28345A13007534E2 /* Products */;
			projectDirPath = "";
			projectRoot = "";
			targets = (
				847FFACA28345A13007534E2 /* FP_INS_IOS */,
				847FFAE328345A17007534E2 /* FP_INS_IOSTests */,
				847FFAED28345A17007534E2 /* FP_INS_IOSUITests */,
			);
		};
/* End PBXProject section */

/* Begin PBXResourcesBuildPhase section */
		847FFAC928345A13007534E2 /* Resources */ = {
			isa = PBXResourcesBuildPhase;
			buildActionMask = 2147483647;
			files = (
				847FFADE28345A16007534E2 /* LaunchScreen.storyboard in Resources */,
				847FFADB28345A16007534E2 /* Assets.xcassets in Resources */,
				847FFAD628345A13007534E2 /* Main.storyboard in Resources */,
			);
			runOnlyForDeploymentPostprocessing = 0;
		};
		847FFAE228345A17007534E2 /* Resources */ = {
			isa = PBXResourcesBuildPhase;
			buildActionMask = 2147483647;
			files = (
			);
			runOnlyForDeploymentPostprocessing = 0;
		};
		847FFAEC28345A17007534E2 /* Resources */ = {
			isa = PBXResourcesBuildPhase;
			buildActionMask = 2147483647;
			files = (
			);
			runOnlyForDeploymentPostprocessing = 0;
		};
/* End PBXResourcesBuildPhase section */

/* Begin PBXSourcesBuildPhase section */
		847FFAC728345A13007534E2 /* Sources */ = {
			isa = PBXSourcesBuildPhase;
			buildActionMask = 2147483647;
			files = (
				474F09F0283723B1003A3C66 /* LocationViewController.swift in Sources */,
				847FFAD928345A13007534E2 /* FP_INS_IOS.xcdatamodeld in Sources */,
				847FFAD328345A13007534E2 /* ViewController.swift in Sources */,
				348C8E5B2835B97700D15D26 /* LocationCollectionViewCell.swift in Sources */,
				348C8E592835B47700D15D26 /* Location.swift in Sources */,
				847FFACF28345A13007534E2 /* AppDelegate.swift in Sources */,
				847FFAD128345A13007534E2 /* SceneDelegate.swift in Sources */,
			);
			runOnlyForDeploymentPostprocessing = 0;
		};
		847FFAE028345A17007534E2 /* Sources */ = {
			isa = PBXSourcesBuildPhase;
			buildActionMask = 2147483647;
			files = (
				847FFAE928345A17007534E2 /* FP_INS_IOSTests.swift in Sources */,
			);
			runOnlyForDeploymentPostprocessing = 0;
		};
		847FFAEA28345A17007534E2 /* Sources */ = {
			isa = PBXSourcesBuildPhase;
			buildActionMask = 2147483647;
			files = (
				847FFAF328345A17007534E2 /* FP_INS_IOSUITests.swift in Sources */,
				847FFAF528345A17007534E2 /* FP_INS_IOSUITestsLaunchTests.swift in Sources */,
			);
			runOnlyForDeploymentPostprocessing = 0;
		};
/* End PBXSourcesBuildPhase section */

/* Begin PBXTargetDependency section */
		847FFAE628345A17007534E2 /* PBXTargetDependency */ = {
			isa = PBXTargetDependency;
			target = 847FFACA28345A13007534E2 /* FP_INS_IOS */;
			targetProxy = 847FFAE528345A17007534E2 /* PBXContainerItemProxy */;
		};
		847FFAF028345A17007534E2 /* PBXTargetDependency */ = {
			isa = PBXTargetDependency;
			target = 847FFACA28345A13007534E2 /* FP_INS_IOS */;
			targetProxy = 847FFAEF28345A17007534E2 /* PBXContainerItemProxy */;
		};
/* End PBXTargetDependency section */

/* Begin PBXVariantGroup section */
		847FFAD428345A13007534E2 /* Main.storyboard */ = {
			isa = PBXVariantGroup;
			children = (
				847FFAD528345A13007534E2 /* Base */,
			);
			name = Main.storyboard;
			sourceTree = "<group>";
		};
		847FFADC28345A16007534E2 /* LaunchScreen.storyboard */ = {
			isa = PBXVariantGroup;
			children = (
				847FFADD28345A16007534E2 /* Base */,
			);
			name = LaunchScreen.storyboard;
			sourceTree = "<group>";
		};
/* End PBXVariantGroup section */

/* Begin XCBuildConfiguration section */
		847FFAF628345A17007534E2 /* Debug */ = {
			isa = XCBuildConfiguration;
			buildSettings = {
				ALWAYS_SEARCH_USER_PATHS = NO;
				CLANG_ANALYZER_NONNULL = YES;
				CLANG_ANALYZER_NUMBER_OBJECT_CONVERSION = YES_AGGRESSIVE;
				CLANG_CXX_LANGUAGE_STANDARD = "gnu++17";
				CLANG_CXX_LIBRARY = "libc++";
				CLANG_ENABLE_MODULES = YES;
				CLANG_ENABLE_OBJC_ARC = YES;
				CLANG_ENABLE_OBJC_WEAK = YES;
				CLANG_WARN_BLOCK_CAPTURE_AUTORELEASING = YES;
				CLANG_WARN_BOOL_CONVERSION = YES;
				CLANG_WARN_COMMA = YES;
				CLANG_WARN_CONSTANT_CONVERSION = YES;
				CLANG_WARN_DEPRECATED_OBJC_IMPLEMENTATIONS = YES;
				CLANG_WARN_DIRECT_OBJC_ISA_USAGE = YES_ERROR;
				CLANG_WARN_DOCUMENTATION_COMMENTS = YES;
				CLANG_WARN_EMPTY_BODY = YES;
				CLANG_WARN_ENUM_CONVERSION = YES;
				CLANG_WARN_INFINITE_RECURSION = YES;
				CLANG_WARN_INT_CONVERSION = YES;
				CLANG_WARN_NON_LITERAL_NULL_CONVERSION = YES;
				CLANG_WARN_OBJC_IMPLICIT_RETAIN_SELF = YES;
				CLANG_WARN_OBJC_LITERAL_CONVERSION = YES;
				CLANG_WARN_OBJC_ROOT_CLASS = YES_ERROR;
				CLANG_WARN_QUOTED_INCLUDE_IN_FRAMEWORK_HEADER = YES;
				CLANG_WARN_RANGE_LOOP_ANALYSIS = YES;
				CLANG_WARN_STRICT_PROTOTYPES = YES;
				CLANG_WARN_SUSPICIOUS_MOVE = YES;
				CLANG_WARN_UNGUARDED_AVAILABILITY = YES_AGGRESSIVE;
				CLANG_WARN_UNREACHABLE_CODE = YES;
				CLANG_WARN__DUPLICATE_METHOD_MATCH = YES;
				COPY_PHASE_STRIP = NO;
				DEBUG_INFORMATION_FORMAT = dwarf;
				ENABLE_STRICT_OBJC_MSGSEND = YES;
				ENABLE_TESTABILITY = YES;
				GCC_C_LANGUAGE_STANDARD = gnu11;
				GCC_DYNAMIC_NO_PIC = NO;
				GCC_NO_COMMON_BLOCKS = YES;
				GCC_OPTIMIZATION_LEVEL = 0;
				GCC_PREPROCESSOR_DEFINITIONS = (
					"DEBUG=1",
					"$(inherited)",
				);
				GCC_WARN_64_TO_32_BIT_CONVERSION = YES;
				GCC_WARN_ABOUT_RETURN_TYPE = YES_ERROR;
				GCC_WARN_UNDECLARED_SELECTOR = YES;
				GCC_WARN_UNINITIALIZED_AUTOS = YES_AGGRESSIVE;
				GCC_WARN_UNUSED_FUNCTION = YES;
				GCC_WARN_UNUSED_VARIABLE = YES;
				IPHONEOS_DEPLOYMENT_TARGET = 15.2;
				MTL_ENABLE_DEBUG_INFO = INCLUDE_SOURCE;
				MTL_FAST_MATH = YES;
				ONLY_ACTIVE_ARCH = YES;
				SDKROOT = iphoneos;
				SWIFT_ACTIVE_COMPILATION_CONDITIONS = DEBUG;
				SWIFT_OPTIMIZATION_LEVEL = "-Onone";
			};
			name = Debug;
		};
		847FFAF728345A17007534E2 /* Release */ = {
			isa = XCBuildConfiguration;
			buildSettings = {
				ALWAYS_SEARCH_USER_PATHS = NO;
				CLANG_ANALYZER_NONNULL = YES;
				CLANG_ANALYZER_NUMBER_OBJECT_CONVERSION = YES_AGGRESSIVE;
				CLANG_CXX_LANGUAGE_STANDARD = "gnu++17";
				CLANG_CXX_LIBRARY = "libc++";
				CLANG_ENABLE_MODULES = YES;
				CLANG_ENABLE_OBJC_ARC = YES;
				CLANG_ENABLE_OBJC_WEAK = YES;
				CLANG_WARN_BLOCK_CAPTURE_AUTORELEASING = YES;
				CLANG_WARN_BOOL_CONVERSION = YES;
				CLANG_WARN_COMMA = YES;
				CLANG_WARN_CONSTANT_CONVERSION = YES;
				CLANG_WARN_DEPRECATED_OBJC_IMPLEMENTATIONS = YES;
				CLANG_WARN_DIRECT_OBJC_ISA_USAGE = YES_ERROR;
				CLANG_WARN_DOCUMENTATION_COMMENTS = YES;
				CLANG_WARN_EMPTY_BODY = YES;
				CLANG_WARN_ENUM_CONVERSION = YES;
				CLANG_WARN_INFINITE_RECURSION = YES;
				CLANG_WARN_INT_CONVERSION = YES;
				CLANG_WARN_NON_LITERAL_NULL_CONVERSION = YES;
				CLANG_WARN_OBJC_IMPLICIT_RETAIN_SELF = YES;
				CLANG_WARN_OBJC_LITERAL_CONVERSION = YES;
				CLANG_WARN_OBJC_ROOT_CLASS = YES_ERROR;
				CLANG_WARN_QUOTED_INCLUDE_IN_FRAMEWORK_HEADER = YES;
				CLANG_WARN_RANGE_LOOP_ANALYSIS = YES;
				CLANG_WARN_STRICT_PROTOTYPES = YES;
				CLANG_WARN_SUSPICIOUS_MOVE = YES;
				CLANG_WARN_UNGUARDED_AVAILABILITY = YES_AGGRESSIVE;
				CLANG_WARN_UNREACHABLE_CODE = YES;
				CLANG_WARN__DUPLICATE_METHOD_MATCH = YES;
				COPY_PHASE_STRIP = NO;
				DEBUG_INFORMATION_FORMAT = "dwarf-with-dsym";
				ENABLE_NS_ASSERTIONS = NO;
				ENABLE_STRICT_OBJC_MSGSEND = YES;
				GCC_C_LANGUAGE_STANDARD = gnu11;
				GCC_NO_COMMON_BLOCKS = YES;
				GCC_WARN_64_TO_32_BIT_CONVERSION = YES;
				GCC_WARN_ABOUT_RETURN_TYPE = YES_ERROR;
				GCC_WARN_UNDECLARED_SELECTOR = YES;
				GCC_WARN_UNINITIALIZED_AUTOS = YES_AGGRESSIVE;
				GCC_WARN_UNUSED_FUNCTION = YES;
				GCC_WARN_UNUSED_VARIABLE = YES;
				IPHONEOS_DEPLOYMENT_TARGET = 15.2;
				MTL_ENABLE_DEBUG_INFO = NO;
				MTL_FAST_MATH = YES;
				SDKROOT = iphoneos;
				SWIFT_COMPILATION_MODE = wholemodule;
				SWIFT_OPTIMIZATION_LEVEL = "-O";
				VALIDATE_PRODUCT = YES;
			};
			name = Release;
		};
		847FFAF928345A17007534E2 /* Debug */ = {
			isa = XCBuildConfiguration;
			buildSettings = {
				ASSETCATALOG_COMPILER_APPICON_NAME = AppIcon;
				ASSETCATALOG_COMPILER_GLOBAL_ACCENT_COLOR_NAME = AccentColor;
				CODE_SIGN_STYLE = Automatic;
				CURRENT_PROJECT_VERSION = 1;
				GENERATE_INFOPLIST_FILE = YES;
				INFOPLIST_FILE = FP_INS_IOS/Info.plist;
				INFOPLIST_KEY_UIApplicationSupportsIndirectInputEvents = YES;
				INFOPLIST_KEY_UILaunchStoryboardName = LaunchScreen;
				INFOPLIST_KEY_UIMainStoryboardFile = Main;
				INFOPLIST_KEY_UISupportedInterfaceOrientations_iPad = "UIInterfaceOrientationPortrait UIInterfaceOrientationPortraitUpsideDown UIInterfaceOrientationLandscapeLeft UIInterfaceOrientationLandscapeRight";
				INFOPLIST_KEY_UISupportedInterfaceOrientations_iPhone = "UIInterfaceOrientationPortrait UIInterfaceOrientationLandscapeLeft UIInterfaceOrientationLandscapeRight";
				LD_RUNPATH_SEARCH_PATHS = (
					"$(inherited)",
					"@executable_path/Frameworks",
				);
				MARKETING_VERSION = 1.0;
				PRODUCT_BUNDLE_IDENTIFIER = "com.nirmalbhetwal.FP-INS-IOS";
				PRODUCT_NAME = "$(TARGET_NAME)";
				SWIFT_EMIT_LOC_STRINGS = YES;
				SWIFT_VERSION = 5.0;
				TARGETED_DEVICE_FAMILY = "1,2";
			};
			name = Debug;
		};
		847FFAFA28345A17007534E2 /* Release */ = {
			isa = XCBuildConfiguration;
			buildSettings = {
				ASSETCATALOG_COMPILER_APPICON_NAME = AppIcon;
				ASSETCATALOG_COMPILER_GLOBAL_ACCENT_COLOR_NAME = AccentColor;
				CODE_SIGN_STYLE = Automatic;
				CURRENT_PROJECT_VERSION = 1;
				GENERATE_INFOPLIST_FILE = YES;
				INFOPLIST_FILE = FP_INS_IOS/Info.plist;
				INFOPLIST_KEY_UIApplicationSupportsIndirectInputEvents = YES;
				INFOPLIST_KEY_UILaunchStoryboardName = LaunchScreen;
				INFOPLIST_KEY_UIMainStoryboardFile = Main;
				INFOPLIST_KEY_UISupportedInterfaceOrientations_iPad = "UIInterfaceOrientationPortrait UIInterfaceOrientationPortraitUpsideDown UIInterfaceOrientationLandscapeLeft UIInterfaceOrientationLandscapeRight";
				INFOPLIST_KEY_UISupportedInterfaceOrientations_iPhone = "UIInterfaceOrientationPortrait UIInterfaceOrientationLandscapeLeft UIInterfaceOrientationLandscapeRight";
				LD_RUNPATH_SEARCH_PATHS = (
					"$(inherited)",
					"@executable_path/Frameworks",
				);
				MARKETING_VERSION = 1.0;
				PRODUCT_BUNDLE_IDENTIFIER = "com.nirmalbhetwal.FP-INS-IOS";
				PRODUCT_NAME = "$(TARGET_NAME)";
				SWIFT_EMIT_LOC_STRINGS = YES;
				SWIFT_VERSION = 5.0;
				TARGETED_DEVICE_FAMILY = "1,2";
			};
			name = Release;
		};
		847FFAFC28345A17007534E2 /* Debug */ = {
			isa = XCBuildConfiguration;
			buildSettings = {
				ALWAYS_EMBED_SWIFT_STANDARD_LIBRARIES = YES;
				BUNDLE_LOADER = "$(TEST_HOST)";
				CODE_SIGN_STYLE = Automatic;
				CURRENT_PROJECT_VERSION = 1;
				GENERATE_INFOPLIST_FILE = YES;
				IPHONEOS_DEPLOYMENT_TARGET = 15.2;
				MARKETING_VERSION = 1.0;
				PRODUCT_BUNDLE_IDENTIFIER = "com.nirmalbhetwal.FP-INS-IOSTests";
				PRODUCT_NAME = "$(TARGET_NAME)";
				SWIFT_EMIT_LOC_STRINGS = NO;
				SWIFT_VERSION = 5.0;
				TARGETED_DEVICE_FAMILY = "1,2";
				TEST_HOST = "$(BUILT_PRODUCTS_DIR)/FP_INS_IOS.app/FP_INS_IOS";
			};
			name = Debug;
		};
		847FFAFD28345A17007534E2 /* Release */ = {
			isa = XCBuildConfiguration;
			buildSettings = {
				ALWAYS_EMBED_SWIFT_STANDARD_LIBRARIES = YES;
				BUNDLE_LOADER = "$(TEST_HOST)";
				CODE_SIGN_STYLE = Automatic;
				CURRENT_PROJECT_VERSION = 1;
				GENERATE_INFOPLIST_FILE = YES;
				IPHONEOS_DEPLOYMENT_TARGET = 15.2;
				MARKETING_VERSION = 1.0;
				PRODUCT_BUNDLE_IDENTIFIER = "com.nirmalbhetwal.FP-INS-IOSTests";
				PRODUCT_NAME = "$(TARGET_NAME)";
				SWIFT_EMIT_LOC_STRINGS = NO;
				SWIFT_VERSION = 5.0;
				TARGETED_DEVICE_FAMILY = "1,2";
				TEST_HOST = "$(BUILT_PRODUCTS_DIR)/FP_INS_IOS.app/FP_INS_IOS";
			};
			name = Release;
		};
		847FFAFF28345A17007534E2 /* Debug */ = {
			isa = XCBuildConfiguration;
			buildSettings = {
				ALWAYS_EMBED_SWIFT_STANDARD_LIBRARIES = YES;
				CODE_SIGN_STYLE = Automatic;
				CURRENT_PROJECT_VERSION = 1;
				GENERATE_INFOPLIST_FILE = YES;
				MARKETING_VERSION = 1.0;
				PRODUCT_BUNDLE_IDENTIFIER = "com.nirmalbhetwal.FP-INS-IOSUITests";
				PRODUCT_NAME = "$(TARGET_NAME)";
				SWIFT_EMIT_LOC_STRINGS = NO;
				SWIFT_VERSION = 5.0;
				TARGETED_DEVICE_FAMILY = "1,2";
				TEST_TARGET_NAME = FP_INS_IOS;
			};
			name = Debug;
		};
		847FFB0028345A17007534E2 /* Release */ = {
			isa = XCBuildConfiguration;
			buildSettings = {
				ALWAYS_EMBED_SWIFT_STANDARD_LIBRARIES = YES;
				CODE_SIGN_STYLE = Automatic;
				CURRENT_PROJECT_VERSION = 1;
				GENERATE_INFOPLIST_FILE = YES;
				MARKETING_VERSION = 1.0;
				PRODUCT_BUNDLE_IDENTIFIER = "com.nirmalbhetwal.FP-INS-IOSUITests";
				PRODUCT_NAME = "$(TARGET_NAME)";
				SWIFT_EMIT_LOC_STRINGS = NO;
				SWIFT_VERSION = 5.0;
				TARGETED_DEVICE_FAMILY = "1,2";
				TEST_TARGET_NAME = FP_INS_IOS;
			};
			name = Release;
		};
/* End XCBuildConfiguration section */

/* Begin XCConfigurationList section */
		847FFAC628345A12007534E2 /* Build configuration list for PBXProject "FP_INS_IOS" */ = {
			isa = XCConfigurationList;
			buildConfigurations = (
				847FFAF628345A17007534E2 /* Debug */,
				847FFAF728345A17007534E2 /* Release */,
			);
			defaultConfigurationIsVisible = 0;
			defaultConfigurationName = Release;
		};
		847FFAF828345A17007534E2 /* Build configuration list for PBXNativeTarget "FP_INS_IOS" */ = {
			isa = XCConfigurationList;
			buildConfigurations = (
				847FFAF928345A17007534E2 /* Debug */,
				847FFAFA28345A17007534E2 /* Release */,
			);
			defaultConfigurationIsVisible = 0;
			defaultConfigurationName = Release;
		};
		847FFAFB28345A17007534E2 /* Build configuration list for PBXNativeTarget "FP_INS_IOSTests" */ = {
			isa = XCConfigurationList;
			buildConfigurations = (
				847FFAFC28345A17007534E2 /* Debug */,
				847FFAFD28345A17007534E2 /* Release */,
			);
			defaultConfigurationIsVisible = 0;
			defaultConfigurationName = Release;
		};
		847FFAFE28345A17007534E2 /* Build configuration list for PBXNativeTarget "FP_INS_IOSUITests" */ = {
			isa = XCConfigurationList;
			buildConfigurations = (
				847FFAFF28345A17007534E2 /* Debug */,
				847FFB0028345A17007534E2 /* Release */,
			);
			defaultConfigurationIsVisible = 0;
			defaultConfigurationName = Release;
		};
/* End XCConfigurationList section */

/* Begin XCVersionGroup section */
		847FFAD728345A13007534E2 /* FP_INS_IOS.xcdatamodeld */ = {
			isa = XCVersionGroup;
			children = (
				847FFAD828345A13007534E2 /* FP_INS_IOS.xcdatamodel */,
			);
			currentVersion = 847FFAD828345A13007534E2 /* FP_INS_IOS.xcdatamodel */;
			path = FP_INS_IOS.xcdatamodeld;
			sourceTree = "<group>";
			versionGroupType = wrapper.xcdatamodel;
		};
/* End XCVersionGroup section */
	};
	rootObject = 847FFAC328345A12007534E2 /* Project object */;
}
